{
  "nodes": {
    "nim2nix": {
      "inputs": {
        "nixpkgs": [
          "nixpkgs"
        ]
      },
      "locked": {
        "lastModified": 1760448985,
        "narHash": "sha256-xG/ixQirq8m/I6L+JgSl7K99YEqEZOTi5POBhgvDgdg=",
        "owner": "daylinmorgan",
        "repo": "nim2nix",
        "rev": "e52882e5e6541b611045f78a2d56499b67dc2ef0",
        "type": "github"
      },
      "original": {
        "owner": "daylinmorgan",
        "repo": "nim2nix",
        "type": "github"
      }
    },
    "nixpkgs": {
      "locked": {
        "lastModified": 1760284886,
        "narHash": "sha256-TK9Kr0BYBQ/1P5kAsnNQhmWWKgmZXwUQr4ZMjCzWf2c=",
        "owner": "nixos",
        "repo": "nixpkgs",
        "rev": "cf3f5c4def3c7b5f1fc012b3d839575dbe552d43",
        "type": "github"
      },
      "original": {
        "owner": "nixos",
        "ref": "nixos-unstable",
        "repo": "nixpkgs",
        "type": "github"
      }
    },
    "root": {
      "inputs": {
        "nim2nix": "nim2nix",
        "nixpkgs": "nixpkgs"
      }
    }
  },
  "root": "root",
  "version": 7
}
