{
  "version": 2,
  "packages": {
    "hwylterm": {
      "version": "0.1.0",
      "vcsRevision": "a3624eb5993029ca0491cb5f88109365c4c64384",
      "url": "https://github.com/daylinmorgan/hwylterm",
      "downloadMethod": "git",
      "dependencies": [],
      "checksums": {
        "sha1": "491bbd6741be1b21c1ae5d6f73a3493849b724f7"
      }
    },
    "jsony": {
      "version": "1.1.5",
      "vcsRevision": "ea811bec7fa50f5abd3088ba94cda74285e93f18",
      "url": "https://github.com/treeform/jsony",
      "downloadMethod": "git",
      "dependencies": [],
      "checksums": {
        "sha1": "6aeb83e7481ca8686396a568096054bc668294df"
      }
    }
  },
  "tasks": {}
}
