{
  "version": 2,
  "packages": {
    "hwylterm": {
      "version": "0.3.0",
      "vcsRevision": "126e2563134b27316b96acabc2c140ff6aeb97a4",
      "url": "https://github.com/daylinmorgan/hwylterm",
      "downloadMethod": "git",
      "dependencies": [],
      "checksums": {
        "sha1": "d7279a62942cbc6e390d65be3f3a835406971636"
      }
    },
    "jsony": {
      "version": "1.1.6",
      "vcsRevision": "bb647e1ca21af25ffdc423bcb96feeeeae963ca2",
      "url": "https://github.com/treeform/jsony",
      "downloadMethod": "git",
      "dependencies": [],
      "checksums": {
        "sha1": "b28964a93a3cf7248126ba39047593cd63a3aa6d"
      }
    },
    "resultz": {
      "version": "0.1.0",
      "vcsRevision": "0be681c97c703a602e80d203ba2698c29e212e4c",
      "url": "https://github.com/daylinmorgan/resultz",
      "downloadMethod": "git",
      "dependencies": [],
      "checksums": {
        "sha1": "72fc674d50343c74538441024bc21beb33a9edde"
      }
    }
  },
  "tasks": {}
}
